
Microsoft Visual Studio Solution File, Format Version 12.00
# Visual Studio Version 17
VisualStudioVersion = 17.13.35913.81 d17.13
MinimumVisualStudioVersion = 10.0.40219.1
Project("{FAE04EC0-301F-11D3-BF4B-00C04F79EFBC}") = "CinemaApp", "CinemaApp\CinemaApp.csproj", "{73E9BBF1-ABAE-4578-B7CF-E091FD95C449}"
EndProject
Global
	GlobalSection(SolutionConfigurationPlatforms) = preSolution
		Debug|Any CPU = Debug|Any CPU
		Release|Any CPU = Release|Any CPU
	EndGlobalSection
	GlobalSection(ProjectConfigurationPlatforms) = postSolution
		{73E9BBF1-ABAE-4578-B7CF-E091FD95C449}.Debug|Any CPU.ActiveCfg = Debug|Any CPU
		{73E9BBF1-ABAE-4578-B7CF-E091FD95C449}.Debug|Any CPU.Build.0 = Debug|Any CPU
		{73E9BBF1-ABAE-4578-B7CF-E091FD95C449}.Release|Any CPU.ActiveCfg = Release|Any CPU
		{73E9BBF1-ABAE-4578-B7CF-E091FD95C449}.Release|Any CPU.Build.0 = Release|Any CPU
	EndGlobalSection
	GlobalSection(SolutionProperties) = preSolution
		HideSolutionNode = FALSE
	EndGlobalSection
	GlobalSection(ExtensibilityGlobals) = postSolution
		SolutionGuid = {C7A284D1-CE84-49D7-9460-FB37B3712900}
	EndGlobalSection
EndGlobal
